{
  "nodes": {
    "flake-compat": {
      "flake": false,
      "locked": {
        "lastModified": 1668681692,
        "narHash": "sha256-Ht91NGdewz8IQLtWZ9LCeNXMSXHUss+9COoqu6JLmXU=",
        "owner": "edolstra",
        "repo": "flake-compat",
        "rev": "009399224d5e398d03b22badca40a37ac85412a1",
        "type": "github"
      },
      "original": {
        "owner": "edolstra",
        "repo": "flake-compat",
        "type": "github"
      }
    },
    "flake-utils": {
      "locked": {
        "lastModified": 1667395993,
        "narHash": "sha256-nuEHfE/LcWyuSWnS8t12N1wc105Qtau+/OdUAjtQ0rA=",
        "owner": "numtide",
        "repo": "flake-utils",
        "rev": "5aed5285a952e0b949eb3ba02c12fa4fcfef535f",
        "type": "github"
      },
      "original": {
        "owner": "numtide",
        "repo": "flake-utils",
        "type": "github"
      }
    },
    "home-manager": {
      "inputs": {
        "nixpkgs": [
          "nixpkgs"
        ],
        "utils": "utils"
      },
      "locked": {
        "lastModified": 1671209729,
        "narHash": "sha256-zxn1eA/rMi2DOx43V7q87bGaDzvL7CMVY/Ti7lJ92DQ=",
        "owner": "nix-community",
        "repo": "home-manager",
        "rev": "7d55a72d4c1df694e87a41a7e6c9a7b6e9a40ca3",
        "type": "github"
      },
      "original": {
        "owner": "nix-community",
        "repo": "home-manager",
        "type": "github"
      }
    },
    "mozilla": {
      "locked": {
        "lastModified": 1664789696,
        "narHash": "sha256-UGWJHQShiwLCr4/DysMVFrYdYYHcOqAOVsWNUu+l6YU=",
        "owner": "mozilla",
        "repo": "nixpkgs-mozilla",
        "rev": "80627b282705101e7b38e19ca6e8df105031b072",
        "type": "github"
      },
      "original": {
        "owner": "mozilla",
        "repo": "nixpkgs-mozilla",
        "type": "github"
      }
    },
    "neovim-flake": {
      "inputs": {
        "flake-utils": "flake-utils",
        "nixpkgs": [
          "neovim-nightly-overlay",
          "nixpkgs"
        ]
      },
      "locked": {
        "dir": "contrib",
        "lastModified": 1671152053,
        "narHash": "sha256-YMSY0zPXRq92S7vCuOhl3yCCJtwzpBcrk/JyRKv6egs=",
        "owner": "neovim",
        "repo": "neovim",
        "rev": "72a19b2ffe93ab20f6ff1825e11b43da4e44842a",
        "type": "github"
      },
      "original": {
        "dir": "contrib",
        "owner": "neovim",
        "repo": "neovim",
        "type": "github"
      }
    },
    "neovim-nightly-overlay": {
      "inputs": {
        "flake-compat": "flake-compat",
        "neovim-flake": "neovim-flake",
        "nixpkgs": [
          "nixpkgs"
        ]
      },
      "locked": {
        "lastModified": 1671178444,
        "narHash": "sha256-56YShCCAXWaFbTtyk01rWFJKK9FmV2ugjC0/2wlOIeg=",
        "owner": "nix-community",
        "repo": "neovim-nightly-overlay",
        "rev": "0d604e189ceb48b53987fb3e407a7f764d84d3db",
        "type": "github"
      },
      "original": {
        "owner": "nix-community",
        "repo": "neovim-nightly-overlay",
        "type": "github"
      }
    },
    "nixos-hardware": {
      "locked": {
        "lastModified": 1671183612,
        "narHash": "sha256-Q6so0tBGEb9Bhx++FP6cJQ+K83hOZ99ffmcdcWtDS14=",
        "owner": "NixOS",
        "repo": "nixos-hardware",
        "rev": "488931efb69a50307fa0d71e23e78c8706909416",
        "type": "github"
      },
      "original": {
        "owner": "NixOS",
        "repo": "nixos-hardware",
        "type": "github"
      }
    },
    "nixpkgs": {
      "locked": {
        "lastModified": 1671227466,
        "narHash": "sha256-QYg6kTeUFfQUdIR3e59dIFk8e4z77VpwWuAo1KgLWuI=",
        "owner": "NixOS",
        "repo": "nixpkgs",
        "rev": "528a316b3165502f486ce6f663562d47e2b21d65",
        "type": "github"
      },
      "original": {
        "owner": "NixOS",
        "ref": "master",
        "repo": "nixpkgs",
        "type": "github"
      }
    },
    "root": {
      "inputs": {
        "home-manager": "home-manager",
        "mozilla": "mozilla",
        "neovim-nightly-overlay": "neovim-nightly-overlay",
        "nixos-hardware": "nixos-hardware",
        "nixpkgs": "nixpkgs",
        "secrets": "secrets"
      }
    },
    "secrets": {
      "locked": {
        "lastModified": 1666655770,
        "narHash": "sha256-OnJ51ipYu9pg3RJ9zmGdtQjWiIbxzCKTZ2gjAMnsZ48=",
        "ref": "refs/heads/main",
        "rev": "75ca8d053884147f42a5773efd107c2f8f8df6bf",
        "revCount": 10,
        "type": "git",
        "url": "file:///home/slabity/Nix/secrets"
      },
      "original": {
        "id": "secrets",
        "type": "indirect"
      }
    },
    "utils": {
      "locked": {
        "lastModified": 1667395993,
        "narHash": "sha256-nuEHfE/LcWyuSWnS8t12N1wc105Qtau+/OdUAjtQ0rA=",
        "owner": "numtide",
        "repo": "flake-utils",
        "rev": "5aed5285a952e0b949eb3ba02c12fa4fcfef535f",
        "type": "github"
      },
      "original": {
        "owner": "numtide",
        "repo": "flake-utils",
        "type": "github"
      }
    }
  },
  "root": "root",
  "version": 7
}
